
Microsoft Visual Studio Solution File, Format Version 12.00
# Visual Studio 15
VisualStudioVersion = 15.0.28307.960
MinimumVisualStudioVersion = 10.0.40219.1
Project("{FAE04EC0-301F-11D3-BF4B-00C04F79EFBC}") = "Password_Reset", "Password_Reset\Password_Reset.csproj", "{96934FD5-9AB0-4BA5-9594-CCF55741A84F}"
EndProject
Project("{FAE04EC0-301F-11D3-BF4B-00C04F79EFBC}") = "PasswordDALL", "PasswordDALL\PasswordDALL.csproj", "{5C57C164-DA06-4AC2-BD91-13B2E52AABF8}"
EndProject
Global
	GlobalSection(SolutionConfigurationPlatforms) = preSolution
		Debug|Any CPU = Debug|Any CPU
		Release|Any CPU = Release|Any CPU
	EndGlobalSection
	GlobalSection(ProjectConfigurationPlatforms) = postSolution
		{96934FD5-9AB0-4BA5-9594-CCF55741A84F}.Debug|Any CPU.ActiveCfg = Debug|Any CPU
		{96934FD5-9AB0-4BA5-9594-CCF55741A84F}.Debug|Any CPU.Build.0 = Debug|Any CPU
		{96934FD5-9AB0-4BA5-9594-CCF55741A84F}.Release|Any CPU.ActiveCfg = Release|Any CPU
		{96934FD5-9AB0-4BA5-9594-CCF55741A84F}.Release|Any CPU.Build.0 = Release|Any CPU
		{5C57C164-DA06-4AC2-BD91-13B2E52AABF8}.Debug|Any CPU.ActiveCfg = Debug|Any CPU
		{5C57C164-DA06-4AC2-BD91-13B2E52AABF8}.Debug|Any CPU.Build.0 = Debug|Any CPU
		{5C57C164-DA06-4AC2-BD91-13B2E52AABF8}.Release|Any CPU.ActiveCfg = Release|Any CPU
		{5C57C164-DA06-4AC2-BD91-13B2E52AABF8}.Release|Any CPU.Build.0 = Release|Any CPU
	EndGlobalSection
	GlobalSection(SolutionProperties) = preSolution
		HideSolutionNode = FALSE
	EndGlobalSection
	GlobalSection(ExtensibilityGlobals) = postSolution
		SolutionGuid = {4ED112CF-1FA2-4802-A349-A244FDE0088A}
	EndGlobalSection
EndGlobal
